{
  "name": "10decikelvin.github.io",
  "lockfileVersion": 2,
  "requires": true,
  "packages": {
    "": {
      "dependencies": {
        "recursive-readdir": "^2.2.3",
        "write-file-safe": "^2.0.3"
      },
      "devDependencies": {
        "@types/node": "^20.10.7"
      }
    },
    "node_modules/@types/node": {
      "version": "20.10.7",
      "resolved": "https://registry.npmjs.org/@types/node/-/node-20.10.7.tgz",
      "integrity": "sha512-fRbIKb8C/Y2lXxB5eVMj4IU7xpdox0Lh8bUPEdtLysaylsml1hOOx1+STloRs/B9nf7C6kPRmmg/V7aQW7usNg==",
      "dev": true,
      "dependencies": {
        "undici-types": "~5.26.4"
      }
    },
    "node_modules/balanced-match": {
      "version": "1.0.2",
      "resolved": "https://registry.npmjs.org/balanced-match/-/balanced-match-1.0.2.tgz",
      "integrity": "sha512-3oSeUO0TMV67hN1AmbXsK4yaqU7tjiHlbxRDZOpH0KW9+CeX4bRAaX0Anxt0tx2MrpRpWwQaPwIlISEJhYU5Pw=="
    },
    "node_modules/brace-expansion": {
      "version": "1.1.11",
      "resolved": "https://registry.npmjs.org/brace-expansion/-/brace-expansion-1.1.11.tgz",
      "integrity": "sha512-iCuPHDFgrHX7H2vEI/5xpz07zSHB00TpugqhmYtVmMO6518mCuRMoOYFldEBl0g187ufozdaHgWKcYFb61qGiA==",
      "dependencies": {
        "balanced-match": "^1.0.0",
        "concat-map": "0.0.1"
      }
    },
    "node_modules/char-to-string": {
      "version": "2.0.0",
      "resolved": "https://registry.npmjs.org/char-to-string/-/char-to-string-2.0.0.tgz",
      "integrity": "sha512-PN6XD9jZ/DmKlyp9F2cCeEHY/CUdpsVG4pBLX5Y0uTc8DCDAhJzbLOocr3ejXMc0wL6/ea5uvlcA0Qk6+OwVZQ==",
      "engines": {
        "node": "^14.13.1 || >=16.0.0"
      }
    },
    "node_modules/concat-map": {
      "version": "0.0.1",
      "resolved": "https://registry.npmjs.org/concat-map/-/concat-map-0.0.1.tgz",
      "integrity": "sha512-/Srv4dswyQNBfohGpz9o6Yb3Gz3SrUDqBH5rTuhGR7ahtlbYKnVxw2bCFMRljaA7EXHaXZ8wsHdodFvbkhKmqg=="
    },
    "node_modules/detect-newline": {
      "version": "4.0.1",
      "resolved": "https://registry.npmjs.org/detect-newline/-/detect-newline-4.0.1.tgz",
      "integrity": "sha512-qE3Veg1YXzGHQhlA6jzebZN2qVf6NX+A7m7qlhCGG30dJixrAQhYOsJjsnBjJkCSmuOPpCk30145fr8FV0bzog==",
      "engines": {
        "node": "^12.20.0 || ^14.13.1 || >=16.0.0"
      },
      "funding": {
        "url": "https://github.com/sponsors/sindresorhus"
      }
    },
    "node_modules/ends-with-string": {
      "version": "2.0.0",
      "resolved": "https://registry.npmjs.org/ends-with-string/-/ends-with-string-2.0.0.tgz",
      "integrity": "sha512-c82jLyJORw/yJ7Z3nKyp+WOxN3WGULnSByJAsanu+8I/H6WlZIa2D9bz5rEmRKCKhCNVK1NKsKoHXEcE4LEdbA==",
      "dependencies": {
        "char-to-string": "^2.0.0"
      },
      "engines": {
        "node": "^14.13.1 || >=16.0.0"
      }
    },
    "node_modules/is-path-inside": {
      "version": "4.0.0",
      "resolved": "https://registry.npmjs.org/is-path-inside/-/is-path-inside-4.0.0.tgz",
      "integrity": "sha512-lJJV/5dYS+RcL8uQdBDW9c9uWFLLBNRyFhnAKXw5tVqLlKZ4RMGZKv+YQ/IA3OhD+RpbJa1LLFM1FQPGyIXvOA==",
      "engines": {
        "node": ">=12"
      },
      "funding": {
        "url": "https://github.com/sponsors/sindresorhus"
      }
    },
    "node_modules/minimatch": {
      "version": "3.1.2",
      "resolved": "https://registry.npmjs.org/minimatch/-/minimatch-3.1.2.tgz",
      "integrity": "sha512-J7p63hRiAjw1NDEww1W7i37+ByIrOWO5XQQAzZ3VOcL0PNybwpfmV/N05zFAzwQ9USyEcX6t3UO+K5aqBQOIHw==",
      "dependencies": {
        "brace-expansion": "^1.1.7"
      },
      "engines": {
        "node": "*"
      }
    },
    "node_modules/read-file-safe": {
      "version": "2.1.1",
      "resolved": "https://registry.npmjs.org/read-file-safe/-/read-file-safe-2.1.1.tgz",
      "integrity": "sha512-Qge8x3UzI/0hEcfsvG60Bvw5DX9BUHS0gIunXPAo/7gEZRTzMLVHbI9Uv5VQvNS9eBrrqOX0pkdP9Pzr3m9xFg==",
      "engines": {
        "node": "^14.13.1 || >=16.0.0"
      }
    },
    "node_modules/recursive-readdir": {
      "version": "2.2.3",
      "resolved": "https://registry.npmjs.org/recursive-readdir/-/recursive-readdir-2.2.3.tgz",
      "integrity": "sha512-8HrF5ZsXk5FAH9dgsx3BlUer73nIhuj+9OrQwEbLTPOBzGkL1lsFCR01am+v+0m2Cmbs1nP12hLDl5FA7EszKA==",
      "dependencies": {
        "minimatch": "^3.0.5"
      },
      "engines": {
        "node": ">=6.0.0"
      }
    },
    "node_modules/remove-file-safe": {
      "version": "3.0.0",
      "resolved": "https://registry.npmjs.org/remove-file-safe/-/remove-file-safe-3.0.0.tgz",
      "integrity": "sha512-JkgTbVCca0UQjWSAhpSPFR+ZT4Fr+2qkvQ5hMa8WMZGDLI56jztX+ZQpdCvzc+MBxyj4vlZs/dCln2DIvHS43w==",
      "dependencies": {
        "is-path-inside": "^4.0.0"
      },
      "engines": {
        "node": "^14.13.1 || >=16.0.0"
      }
    },
    "node_modules/terminating-newline": {
      "version": "2.0.0",
      "resolved": "https://registry.npmjs.org/terminating-newline/-/terminating-newline-2.0.0.tgz",
      "integrity": "sha512-H8yf0+0aQ9WzDE//BvRE9onDMpu5gPX/rUo6EJlZ2G9dmy+sbZVQJvA1NIBqYeQBivviw++K0YKZMqf4A7j/tA==",
      "dependencies": {
        "detect-newline": "^4.0.0",
        "ends-with-string": "^2.0.0"
      },
      "engines": {
        "node": "^14.13.1 || >=16.0.0"
      }
    },
    "node_modules/undici-types": {
      "version": "5.26.5",
      "resolved": "https://registry.npmjs.org/undici-types/-/undici-types-5.26.5.tgz",
      "integrity": "sha512-JlCMO+ehdEIKqlFxk6IfVoAUVmgz7cU7zD/h9XZ0qzeosSHmUJVOzSQvvYSYWXkFXC+IfLKSIffhv0sVZup6pA==",
      "dev": true
    },
    "node_modules/write-dir-safe": {
      "version": "2.0.1",
      "resolved": "https://registry.npmjs.org/write-dir-safe/-/write-dir-safe-2.0.1.tgz",
      "integrity": "sha512-rL5prgKDZlPC/A1XDbAVsH3nDwKKMLPor6NcKk10zz1jN/GxyRZFrhIDUsTKrhxT/dj5fMBOZ+2uo04vVC+m7w==",
      "engines": {
        "node": "^14.13.1 || >=16.0.0"
      }
    },
    "node_modules/write-file-safe": {
      "version": "2.0.3",
      "resolved": "https://registry.npmjs.org/write-file-safe/-/write-file-safe-2.0.3.tgz",
      "integrity": "sha512-KL/0O4M3cSpTKGbudiS0q2aHUyegDVna7/RDqjaQlEPtG/Kzs3AmUeHkpG55yYkxP09euOZAMG+jJL+pmYEDDQ==",
      "dependencies": {
        "read-file-safe": "^2.1.0",
        "remove-file-safe": "^3.0.0",
        "terminating-newline": "^2.0.0",
        "write-dir-safe": "^2.0.1"
      },
      "engines": {
        "node": "^14.13.1 || >=16.0.0"
      }
    }
  },
  "dependencies": {
    "@types/node": {
      "version": "20.10.7",
      "resolved": "https://registry.npmjs.org/@types/node/-/node-20.10.7.tgz",
      "integrity": "sha512-fRbIKb8C/Y2lXxB5eVMj4IU7xpdox0Lh8bUPEdtLysaylsml1hOOx1+STloRs/B9nf7C6kPRmmg/V7aQW7usNg==",
      "dev": true,
      "requires": {
        "undici-types": "~5.26.4"
      }
    },
    "balanced-match": {
      "version": "1.0.2",
      "resolved": "https://registry.npmjs.org/balanced-match/-/balanced-match-1.0.2.tgz",
      "integrity": "sha512-3oSeUO0TMV67hN1AmbXsK4yaqU7tjiHlbxRDZOpH0KW9+CeX4bRAaX0Anxt0tx2MrpRpWwQaPwIlISEJhYU5Pw=="
    },
    "brace-expansion": {
      "version": "1.1.11",
      "resolved": "https://registry.npmjs.org/brace-expansion/-/brace-expansion-1.1.11.tgz",
      "integrity": "sha512-iCuPHDFgrHX7H2vEI/5xpz07zSHB00TpugqhmYtVmMO6518mCuRMoOYFldEBl0g187ufozdaHgWKcYFb61qGiA==",
      "requires": {
        "balanced-match": "^1.0.0",
        "concat-map": "0.0.1"
      }
    },
    "char-to-string": {
      "version": "2.0.0",
      "resolved": "https://registry.npmjs.org/char-to-string/-/char-to-string-2.0.0.tgz",
      "integrity": "sha512-PN6XD9jZ/DmKlyp9F2cCeEHY/CUdpsVG4pBLX5Y0uTc8DCDAhJzbLOocr3ejXMc0wL6/ea5uvlcA0Qk6+OwVZQ=="
    },
    "concat-map": {
      "version": "0.0.1",
      "resolved": "https://registry.npmjs.org/concat-map/-/concat-map-0.0.1.tgz",
      "integrity": "sha512-/Srv4dswyQNBfohGpz9o6Yb3Gz3SrUDqBH5rTuhGR7ahtlbYKnVxw2bCFMRljaA7EXHaXZ8wsHdodFvbkhKmqg=="
    },
    "detect-newline": {
      "version": "4.0.1",
      "resolved": "https://registry.npmjs.org/detect-newline/-/detect-newline-4.0.1.tgz",
      "integrity": "sha512-qE3Veg1YXzGHQhlA6jzebZN2qVf6NX+A7m7qlhCGG30dJixrAQhYOsJjsnBjJkCSmuOPpCk30145fr8FV0bzog=="
    },
    "ends-with-string": {
      "version": "2.0.0",
      "resolved": "https://registry.npmjs.org/ends-with-string/-/ends-with-string-2.0.0.tgz",
      "integrity": "sha512-c82jLyJORw/yJ7Z3nKyp+WOxN3WGULnSByJAsanu+8I/H6WlZIa2D9bz5rEmRKCKhCNVK1NKsKoHXEcE4LEdbA==",
      "requires": {
        "char-to-string": "^2.0.0"
      }
    },
    "is-path-inside": {
      "version": "4.0.0",
      "resolved": "https://registry.npmjs.org/is-path-inside/-/is-path-inside-4.0.0.tgz",
      "integrity": "sha512-lJJV/5dYS+RcL8uQdBDW9c9uWFLLBNRyFhnAKXw5tVqLlKZ4RMGZKv+YQ/IA3OhD+RpbJa1LLFM1FQPGyIXvOA=="
    },
    "minimatch": {
      "version": "3.1.2",
      "resolved": "https://registry.npmjs.org/minimatch/-/minimatch-3.1.2.tgz",
      "integrity": "sha512-J7p63hRiAjw1NDEww1W7i37+ByIrOWO5XQQAzZ3VOcL0PNybwpfmV/N05zFAzwQ9USyEcX6t3UO+K5aqBQOIHw==",
      "requires": {
        "brace-expansion": "^1.1.7"
      }
    },
    "read-file-safe": {
      "version": "2.1.1",
      "resolved": "https://registry.npmjs.org/read-file-safe/-/read-file-safe-2.1.1.tgz",
      "integrity": "sha512-Qge8x3UzI/0hEcfsvG60Bvw5DX9BUHS0gIunXPAo/7gEZRTzMLVHbI9Uv5VQvNS9eBrrqOX0pkdP9Pzr3m9xFg=="
    },
    "recursive-readdir": {
      "version": "2.2.3",
      "resolved": "https://registry.npmjs.org/recursive-readdir/-/recursive-readdir-2.2.3.tgz",
      "integrity": "sha512-8HrF5ZsXk5FAH9dgsx3BlUer73nIhuj+9OrQwEbLTPOBzGkL1lsFCR01am+v+0m2Cmbs1nP12hLDl5FA7EszKA==",
      "requires": {
        "minimatch": "^3.0.5"
      }
    },
    "remove-file-safe": {
      "version": "3.0.0",
      "resolved": "https://registry.npmjs.org/remove-file-safe/-/remove-file-safe-3.0.0.tgz",
      "integrity": "sha512-JkgTbVCca0UQjWSAhpSPFR+ZT4Fr+2qkvQ5hMa8WMZGDLI56jztX+ZQpdCvzc+MBxyj4vlZs/dCln2DIvHS43w==",
      "requires": {
        "is-path-inside": "^4.0.0"
      }
    },
    "terminating-newline": {
      "version": "2.0.0",
      "resolved": "https://registry.npmjs.org/terminating-newline/-/terminating-newline-2.0.0.tgz",
      "integrity": "sha512-H8yf0+0aQ9WzDE//BvRE9onDMpu5gPX/rUo6EJlZ2G9dmy+sbZVQJvA1NIBqYeQBivviw++K0YKZMqf4A7j/tA==",
      "requires": {
        "detect-newline": "^4.0.0",
        "ends-with-string": "^2.0.0"
      }
    },
    "undici-types": {
      "version": "5.26.5",
      "resolved": "https://registry.npmjs.org/undici-types/-/undici-types-5.26.5.tgz",
      "integrity": "sha512-JlCMO+ehdEIKqlFxk6IfVoAUVmgz7cU7zD/h9XZ0qzeosSHmUJVOzSQvvYSYWXkFXC+IfLKSIffhv0sVZup6pA==",
      "dev": true
    },
    "write-dir-safe": {
      "version": "2.0.1",
      "resolved": "https://registry.npmjs.org/write-dir-safe/-/write-dir-safe-2.0.1.tgz",
      "integrity": "sha512-rL5prgKDZlPC/A1XDbAVsH3nDwKKMLPor6NcKk10zz1jN/GxyRZFrhIDUsTKrhxT/dj5fMBOZ+2uo04vVC+m7w=="
    },
    "write-file-safe": {
      "version": "2.0.3",
      "resolved": "https://registry.npmjs.org/write-file-safe/-/write-file-safe-2.0.3.tgz",
      "integrity": "sha512-KL/0O4M3cSpTKGbudiS0q2aHUyegDVna7/RDqjaQlEPtG/Kzs3AmUeHkpG55yYkxP09euOZAMG+jJL+pmYEDDQ==",
      "requires": {
        "read-file-safe": "^2.1.0",
        "remove-file-safe": "^3.0.0",
        "terminating-newline": "^2.0.0",
        "write-dir-safe": "^2.0.1"
      }
    }
  }
}
